
Microsoft Visual Studio Solution File, Format Version 12.00
# Visual Studio Version 17
VisualStudioVersion = 17.3.32825.248
MinimumVisualStudioVersion = 10.0.40219.1
Project("{FAE04EC0-301F-11D3-BF4B-00C04F79EFBC}") = "ProductsInheritance", "ProductsInheritance\ProductsInheritance.csproj", "{19C6EA24-3522-4329-94DA-4E0D27997E15}"
EndProject
Global
	GlobalSection(SolutionConfigurationPlatforms) = preSolution
		Debug|Any CPU = Debug|Any CPU
		Release|Any CPU = Release|Any CPU
	EndGlobalSection
	GlobalSection(ProjectConfigurationPlatforms) = postSolution
		{19C6EA24-3522-4329-94DA-4E0D27997E15}.Debug|Any CPU.ActiveCfg = Debug|Any CPU
		{19C6EA24-3522-4329-94DA-4E0D27997E15}.Debug|Any CPU.Build.0 = Debug|Any CPU
		{19C6EA24-3522-4329-94DA-4E0D27997E15}.Release|Any CPU.ActiveCfg = Release|Any CPU
		{19C6EA24-3522-4329-94DA-4E0D27997E15}.Release|Any CPU.Build.0 = Release|Any CPU
	EndGlobalSection
	GlobalSection(SolutionProperties) = preSolution
		HideSolutionNode = FALSE
	EndGlobalSection
	GlobalSection(ExtensibilityGlobals) = postSolution
		SolutionGuid = {FE90E9D0-43B5-4FD9-9805-7BD52468A959}
	EndGlobalSection
EndGlobal
